Microsoft Visual Studio Solution File, Format Version 9.00
# Visual Studio 2005
Project("{FAE04EC0-301F-11D3-BF4B-00C04F79EFBC}") = "smiletray", "smiletray\smiletray.csproj", "{B87A3EFE-7747-488D-BF5D-71274E6D956E}"
EndProject
Project("{8BC9CEB8-8B4A-11D0-8D11-00A0C91BC942}") = "smile-injector", "smile-injector\smile-injector.vcproj", "{F38461CB-7F74-42D1-9EE9-5757D58E2A84}"
EndProject
Project("{8BC9CEB8-8B4A-11D0-8D11-00A0C91BC942}") = "smile-hook", "smile-hook\smile-hook.vcproj", "{EE0A002A-DC6C-4B55-B401-EA252A85BDB7}"
EndProject
Project("{8BC9CEB8-8B4A-11D0-8D11-00A0C91BC942}") = "Textures", "Textures\Textures_2005.vcproj", "{3A68081D-E8F9-4523-9436-530DE9E5530E}"
EndProject
Global
	GlobalSection(SolutionConfigurationPlatforms) = preSolution
		Debug|Any CPU = Debug|Any CPU
		Debug|Mixed Platforms = Debug|Mixed Platforms
		Debug|Win32 = Debug|Win32
		Debug|x64 = Debug|x64
		Release|Any CPU = Release|Any CPU
		Release|Mixed Platforms = Release|Mixed Platforms
		Release|Win32 = Release|Win32
		Release|x64 = Release|x64
	EndGlobalSection
	GlobalSection(ProjectConfigurationPlatforms) = postSolution
		{B87A3EFE-7747-488D-BF5D-71274E6D956E}.Debug|Any CPU.ActiveCfg = Debug|Any CPU
		{B87A3EFE-7747-488D-BF5D-71274E6D956E}.Debug|Any CPU.Build.0 = Debug|Any CPU
		{B87A3EFE-7747-488D-BF5D-71274E6D956E}.Debug|Mixed Platforms.ActiveCfg = Debug|Any CPU
		{B87A3EFE-7747-488D-BF5D-71274E6D956E}.Debug|Mixed Platforms.Build.0 = Debug|Any CPU
		{B87A3EFE-7747-488D-BF5D-71274E6D956E}.Debug|Win32.ActiveCfg = Debug|Any CPU
		{B87A3EFE-7747-488D-BF5D-71274E6D956E}.Debug|x64.ActiveCfg = Debug|Any CPU
		{B87A3EFE-7747-488D-BF5D-71274E6D956E}.Release|Any CPU.ActiveCfg = Release|Any CPU
		{B87A3EFE-7747-488D-BF5D-71274E6D956E}.Release|Any CPU.Build.0 = Release|Any CPU
		{B87A3EFE-7747-488D-BF5D-71274E6D956E}.Release|Mixed Platforms.ActiveCfg = Release|Any CPU
		{B87A3EFE-7747-488D-BF5D-71274E6D956E}.Release|Mixed Platforms.Build.0 = Release|Any CPU
		{B87A3EFE-7747-488D-BF5D-71274E6D956E}.Release|Win32.ActiveCfg = Release|Any CPU
		{B87A3EFE-7747-488D-BF5D-71274E6D956E}.Release|x64.ActiveCfg = Release|Any CPU
		{F38461CB-7F74-42D1-9EE9-5757D58E2A84}.Debug|Any CPU.ActiveCfg = Debug|Win32
		{F38461CB-7F74-42D1-9EE9-5757D58E2A84}.Debug|Mixed Platforms.ActiveCfg = Debug|Win32
		{F38461CB-7F74-42D1-9EE9-5757D58E2A84}.Debug|Mixed Platforms.Build.0 = Debug|Win32
		{F38461CB-7F74-42D1-9EE9-5757D58E2A84}.Debug|Win32.ActiveCfg = Debug|Win32
		{F38461CB-7F74-42D1-9EE9-5757D58E2A84}.Debug|Win32.Build.0 = Debug|Win32
		{F38461CB-7F74-42D1-9EE9-5757D58E2A84}.Debug|x64.ActiveCfg = Debug|Win32
		{F38461CB-7F74-42D1-9EE9-5757D58E2A84}.Release|Any CPU.ActiveCfg = Release|Win32
		{F38461CB-7F74-42D1-9EE9-5757D58E2A84}.Release|Mixed Platforms.ActiveCfg = Release|Win32
		{F38461CB-7F74-42D1-9EE9-5757D58E2A84}.Release|Mixed Platforms.Build.0 = Release|Win32
		{F38461CB-7F74-42D1-9EE9-5757D58E2A84}.Release|Win32.ActiveCfg = Release|Win32
		{F38461CB-7F74-42D1-9EE9-5757D58E2A84}.Release|Win32.Build.0 = Release|Win32
		{F38461CB-7F74-42D1-9EE9-5757D58E2A84}.Release|x64.ActiveCfg = Release|Win32
		{EE0A002A-DC6C-4B55-B401-EA252A85BDB7}.Debug|Any CPU.ActiveCfg = Debug|Win32
		{EE0A002A-DC6C-4B55-B401-EA252A85BDB7}.Debug|Mixed Platforms.ActiveCfg = Debug|Win32
		{EE0A002A-DC6C-4B55-B401-EA252A85BDB7}.Debug|Mixed Platforms.Build.0 = Debug|Win32
		{EE0A002A-DC6C-4B55-B401-EA252A85BDB7}.Debug|Win32.ActiveCfg = Debug|Win32
		{EE0A002A-DC6C-4B55-B401-EA252A85BDB7}.Debug|Win32.Build.0 = Debug|Win32
		{EE0A002A-DC6C-4B55-B401-EA252A85BDB7}.Debug|x64.ActiveCfg = Debug|Win32
		{EE0A002A-DC6C-4B55-B401-EA252A85BDB7}.Release|Any CPU.ActiveCfg = Release|Win32
		{EE0A002A-DC6C-4B55-B401-EA252A85BDB7}.Release|Mixed Platforms.ActiveCfg = Release|Win32
		{EE0A002A-DC6C-4B55-B401-EA252A85BDB7}.Release|Mixed Platforms.Build.0 = Release|Win32
		{EE0A002A-DC6C-4B55-B401-EA252A85BDB7}.Release|Win32.ActiveCfg = Release|Win32
		{EE0A002A-DC6C-4B55-B401-EA252A85BDB7}.Release|Win32.Build.0 = Release|Win32
		{EE0A002A-DC6C-4B55-B401-EA252A85BDB7}.Release|x64.ActiveCfg = Release|Win32
		{3A68081D-E8F9-4523-9436-530DE9E5530E}.Debug|Any CPU.ActiveCfg = Debug|x64
		{3A68081D-E8F9-4523-9436-530DE9E5530E}.Debug|Mixed Platforms.ActiveCfg = Debug|Win32
		{3A68081D-E8F9-4523-9436-530DE9E5530E}.Debug|Mixed Platforms.Build.0 = Debug|Win32
		{3A68081D-E8F9-4523-9436-530DE9E5530E}.Debug|Win32.ActiveCfg = Debug|Win32
		{3A68081D-E8F9-4523-9436-530DE9E5530E}.Debug|Win32.Build.0 = Debug|Win32
		{3A68081D-E8F9-4523-9436-530DE9E5530E}.Debug|x64.ActiveCfg = Debug|x64
		{3A68081D-E8F9-4523-9436-530DE9E5530E}.Debug|x64.Build.0 = Debug|x64
		{3A68081D-E8F9-4523-9436-530DE9E5530E}.Release|Any CPU.ActiveCfg = Release|x64
		{3A68081D-E8F9-4523-9436-530DE9E5530E}.Release|Mixed Platforms.ActiveCfg = Release|Win32
		{3A68081D-E8F9-4523-9436-530DE9E5530E}.Release|Mixed Platforms.Build.0 = Release|Win32
		{3A68081D-E8F9-4523-9436-530DE9E5530E}.Release|Win32.ActiveCfg = Release|Win32
		{3A68081D-E8F9-4523-9436-530DE9E5530E}.Release|Win32.Build.0 = Release|Win32
		{3A68081D-E8F9-4523-9436-530DE9E5530E}.Release|x64.ActiveCfg = Release|x64
		{3A68081D-E8F9-4523-9436-530DE9E5530E}.Release|x64.Build.0 = Release|x64
	EndGlobalSection
	GlobalSection(SolutionProperties) = preSolution
		HideSolutionNode = FALSE
	EndGlobalSection
EndGlobal
