Microsoft Visual Studio Solution File, Format Version 8.00
Project("{FAE04EC0-301F-11D3-BF4B-00C04F79EFBC}") = "smiletray", "smiletray.csproj", "{B87A3EFE-7747-488D-BF5D-71274E6D956E}"
	ProjectSection(ProjectDependencies) = postProject
	EndProjectSection
EndProject
Global
	GlobalSection(SolutionConfiguration) = preSolution
		Debug = Debug
		Release = Release
	EndGlobalSection
	GlobalSection(ProjectConfiguration) = postSolution
		{B87A3EFE-7747-488D-BF5D-71274E6D956E}.Debug.ActiveCfg = Debug|.NET
		{B87A3EFE-7747-488D-BF5D-71274E6D956E}.Debug.Build.0 = Debug|.NET
		{B87A3EFE-7747-488D-BF5D-71274E6D956E}.Release.ActiveCfg = Release|.NET
		{B87A3EFE-7747-488D-BF5D-71274E6D956E}.Release.Build.0 = Release|.NET
	EndGlobalSection
	GlobalSection(ExtensibilityGlobals) = postSolution
	EndGlobalSection
	GlobalSection(ExtensibilityAddIns) = postSolution
	EndGlobalSection
EndGlobal
